
Microsoft Visual Studio Solution File, Format Version 12.00
# Visual Studio Version 17
VisualStudioVersion = 17.11.35303.130
MinimumVisualStudioVersion = 10.0.40219.1
Project("{2150E333-8FDC-42A3-9474-1A3956D46DE8}") = "Task0", "Task0", "{2DFA58DE-ECC4-483D-AE58-F9C0E0F6B5BF}"
EndProject
Project("{FAE04EC0-301F-11D3-BF4B-00C04F79EFBC}") = "Tyuiu.MajdQadhi.Sprint0.Task0.v0", "Tyuiu.MajdQadhi.Sprint0.Task0.v0\Tyuiu.MajdQadhi.Sprint0.Task0.v0.csproj", "{551F9BE9-5E89-4105-AAEA-C2D134ED5DA6}"
EndProject
Project("{2150E333-8FDC-42A3-9474-1A3956D46DE8}") = "Task1", "Task1", "{88D74C45-9B76-49F3-8033-80498545C0B0}"
EndProject
Project("{FAE04EC0-301F-11D3-BF4B-00C04F79EFBC}") = "Tyuiu.MajdQadhi.Sprint0.Task1.V0", "Tyuiu.MajdQadhi.Sprint0.Task1.V0\Tyuiu.MajdQadhi.Sprint0.Task1.V0.csproj", "{1B5779A0-6698-46DC-B1AB-2B2907DE8BDC}"
EndProject
Project("{2150E333-8FDC-42A3-9474-1A3956D46DE8}") = "Task2", "Task2", "{C8064B03-3E22-4DA1-883F-EE1FBCA4CECB}"
EndProject
Project("{2150E333-8FDC-42A3-9474-1A3956D46DE8}") = "Task3", "Task3", "{04A12534-B15B-4DEE-9939-B77003BDF998}"
EndProject
Project("{FAE04EC0-301F-11D3-BF4B-00C04F79EFBC}") = "Tyuiu.MajdQadhi.Sprint0.Task3.V0", "Tyuiu.MajdQadhi.Sprint0.Task3.V0\Tyuiu.MajdQadhi.Sprint0.Task3.V0.csproj", "{7DDF1667-6B61-4450-A176-77AC0FED2B27}"
EndProject
Project("{FAE04EC0-301F-11D3-BF4B-00C04F79EFBC}") = "Tyuiu.MajdQadhi.Sprint0.Task3.V0.Lib", "Tyuiu.MajdQadhi.Sprint0.Task3.V0.Lib\Tyuiu.MajdQadhi.Sprint0.Task3.V0.Lib.csproj", "{87199B1D-BAF0-4E48-A159-ACA122E4E23C}"
EndProject
Project("{FAE04EC0-301F-11D3-BF4B-00C04F79EFBC}") = "Tyuiu.MajdQadhi.Sprint0.Task3.V0.Test", "Tyuiu.MajdQadhi.Sprint0.Task3.V0.Test\Tyuiu.MajdQadhi.Sprint0.Task3.V0.Test.csproj", "{27CF98F1-0376-4112-9A7C-4E1E1E25E368}"
EndProject
Project("{2150E333-8FDC-42A3-9474-1A3956D46DE8}") = "TAsk4", "TAsk4", "{6F754FDA-596C-4DA5-8D49-866CAF5A9B04}"
EndProject
Project("{FAE04EC0-301F-11D3-BF4B-00C04F79EFBC}") = "Tyuiu.MajdQadhi.Sprint0.Task4.V0", "Tyuiu.MajdQadhi.Sprint0.Task4.V0\Tyuiu.MajdQadhi.Sprint0.Task4.V0.csproj", "{67E41C23-CA44-45F3-8198-DB64C2F0FD47}"
EndProject
Project("{FAE04EC0-301F-11D3-BF4B-00C04F79EFBC}") = "Tyuiu.MajdQadhi.Sprint0.Task4.V0.Lib", "Tyuiu.MajdQadhi.Sprint0.Task4.V0.Lib\Tyuiu.MajdQadhi.Sprint0.Task4.V0.Lib.csproj", "{5618F748-81E0-423F-BF54-2CB354C50560}"
EndProject
Project("{FAE04EC0-301F-11D3-BF4B-00C04F79EFBC}") = "Tyuiu.MajdQadhi.Sprint0.Task4.V0.Test", "Tyuiu.MajdQadhi.Sprint0.Task4.V0.Test\Tyuiu.MajdQadhi.Sprint0.Task4.V0.Test.csproj", "{81C2D119-2242-4DBA-B4EC-AEE38B60DA83}"
EndProject
Project("{2150E333-8FDC-42A3-9474-1A3956D46DE8}") = "Task5", "Task5", "{E06EF753-3DCF-4022-B6ED-EDF621B50860}"
EndProject
Project("{FAE04EC0-301F-11D3-BF4B-00C04F79EFBC}") = "Tyuiu.MajdQadhi.Sprint0.Task5.V0", "Tyuiu.MajdQadhi.Sprint0.Task5.V0\Tyuiu.MajdQadhi.Sprint0.Task5.V0.csproj", "{D3C03B7E-3039-4FCE-9279-9F225680A709}"
EndProject
Project("{FAE04EC0-301F-11D3-BF4B-00C04F79EFBC}") = "Tyuiu.MajdQadhi.Sprint0.Task5.V0.Lib", "Tyuiu.MajdQadhi.Sprint0.Task5.V0.Lib\Tyuiu.MajdQadhi.Sprint0.Task5.V0.Lib.csproj", "{5AC7F80F-380D-4179-84F3-DACD4FBA21E0}"
EndProject
Project("{FAE04EC0-301F-11D3-BF4B-00C04F79EFBC}") = "Tyuiu.MajdQadhi.Sprint0.Task5.V0.Test", "Tyuiu.MajdQadhi.Sprint0.Task5.V0.Test\Tyuiu.MajdQadhi.Sprint0.Task5.V0.Test.csproj", "{CF0ED5C8-3FDF-480A-B650-197D5F3A1D10}"
EndProject
Project("{2150E333-8FDC-42A3-9474-1A3956D46DE8}") = "Task6", "Task6", "{F24AAD19-89E2-4C4B-B4A9-CA4B42A78245}"
EndProject
Project("{FAE04EC0-301F-11D3-BF4B-00C04F79EFBC}") = "Tyuiu.MajdQadhi.Sprint0.Task6.V0", "Tyuiu.MajdQadhi.Sprint0.Task6.V0\Tyuiu.MajdQadhi.Sprint0.Task6.V0.csproj", "{445DA672-75C3-4B5E-A535-3F1A7497A6A8}"
EndProject
Project("{FAE04EC0-301F-11D3-BF4B-00C04F79EFBC}") = "Tyuiu.MajdQadhi.Sprint0.Task6.V0.Lib", "Tyuiu.MajdQadhi.Sprint0.Task6.V0.Lib\Tyuiu.MajdQadhi.Sprint0.Task6.V0.Lib.csproj", "{A3639867-BE9F-4768-A038-8B45D00D80AB}"
EndProject
Project("{FAE04EC0-301F-11D3-BF4B-00C04F79EFBC}") = "Tyuiu.MajdQadhi.Sprint0.Task6.V0.Test", "Tyuiu.MajdQadhi.Sprint0.Task6.V0.Test\Tyuiu.MajdQadhi.Sprint0.Task6.V0.Test.csproj", "{B0DA03B1-8C99-4ADB-8203-87E9D7831F9A}"
EndProject
Project("{2150E333-8FDC-42A3-9474-1A3956D46DE8}") = "Task7", "Task7", "{5F3EC4E2-8CB5-4D47-9B3A-B57081B73C7E}"
EndProject
Project("{FAE04EC0-301F-11D3-BF4B-00C04F79EFBC}") = "Tyuiu.MajdQadhi.Sprint0.Task7.V0", "Tyuiu.MajdQadhi.Sprint0.Task7.V0\Tyuiu.MajdQadhi.Sprint0.Task7.V0.csproj", "{AC3CE6A0-A295-4102-AB42-012FEA0EA4D9}"
EndProject
Project("{FAE04EC0-301F-11D3-BF4B-00C04F79EFBC}") = "Tyuiu.MajdQadhi.Sprint0.Task7.V0.Lib", "Tyuiu.MajdQadhi.Sprint0.Task7.V0.Lib\Tyuiu.MajdQadhi.Sprint0.Task7.V0.Lib.csproj", "{460F8E68-F089-4516-B160-38FFF92D8255}"
EndProject
Project("{FAE04EC0-301F-11D3-BF4B-00C04F79EFBC}") = "Tyuiu.MajdQadhi.Sprint0.Task7.V0.Test", "Tyuiu.MajdQadhi.Sprint0.Task7.V0.Test\Tyuiu.MajdQadhi.Sprint0.Task7.V0.Test.csproj", "{35E65CBC-011C-42EE-AA6A-7B7CEDB4729F}"
EndProject
Global
	GlobalSection(SolutionConfigurationPlatforms) = preSolution
		Debug|Any CPU = Debug|Any CPU
		Release|Any CPU = Release|Any CPU
	EndGlobalSection
	GlobalSection(ProjectConfigurationPlatforms) = postSolution
		{551F9BE9-5E89-4105-AAEA-C2D134ED5DA6}.Debug|Any CPU.ActiveCfg = Debug|Any CPU
		{551F9BE9-5E89-4105-AAEA-C2D134ED5DA6}.Debug|Any CPU.Build.0 = Debug|Any CPU
		{551F9BE9-5E89-4105-AAEA-C2D134ED5DA6}.Release|Any CPU.ActiveCfg = Release|Any CPU
		{551F9BE9-5E89-4105-AAEA-C2D134ED5DA6}.Release|Any CPU.Build.0 = Release|Any CPU
		{1B5779A0-6698-46DC-B1AB-2B2907DE8BDC}.Debug|Any CPU.ActiveCfg = Debug|Any CPU
		{1B5779A0-6698-46DC-B1AB-2B2907DE8BDC}.Debug|Any CPU.Build.0 = Debug|Any CPU
		{1B5779A0-6698-46DC-B1AB-2B2907DE8BDC}.Release|Any CPU.ActiveCfg = Release|Any CPU
		{1B5779A0-6698-46DC-B1AB-2B2907DE8BDC}.Release|Any CPU.Build.0 = Release|Any CPU
		{7DDF1667-6B61-4450-A176-77AC0FED2B27}.Debug|Any CPU.ActiveCfg = Debug|Any CPU
		{7DDF1667-6B61-4450-A176-77AC0FED2B27}.Debug|Any CPU.Build.0 = Debug|Any CPU
		{7DDF1667-6B61-4450-A176-77AC0FED2B27}.Release|Any CPU.ActiveCfg = Release|Any CPU
		{7DDF1667-6B61-4450-A176-77AC0FED2B27}.Release|Any CPU.Build.0 = Release|Any CPU
		{87199B1D-BAF0-4E48-A159-ACA122E4E23C}.Debug|Any CPU.ActiveCfg = Debug|Any CPU
		{87199B1D-BAF0-4E48-A159-ACA122E4E23C}.Debug|Any CPU.Build.0 = Debug|Any CPU
		{87199B1D-BAF0-4E48-A159-ACA122E4E23C}.Release|Any CPU.ActiveCfg = Release|Any CPU
		{87199B1D-BAF0-4E48-A159-ACA122E4E23C}.Release|Any CPU.Build.0 = Release|Any CPU
		{27CF98F1-0376-4112-9A7C-4E1E1E25E368}.Debug|Any CPU.ActiveCfg = Debug|Any CPU
		{27CF98F1-0376-4112-9A7C-4E1E1E25E368}.Debug|Any CPU.Build.0 = Debug|Any CPU
		{27CF98F1-0376-4112-9A7C-4E1E1E25E368}.Release|Any CPU.ActiveCfg = Release|Any CPU
		{27CF98F1-0376-4112-9A7C-4E1E1E25E368}.Release|Any CPU.Build.0 = Release|Any CPU
		{67E41C23-CA44-45F3-8198-DB64C2F0FD47}.Debug|Any CPU.ActiveCfg = Debug|Any CPU
		{67E41C23-CA44-45F3-8198-DB64C2F0FD47}.Debug|Any CPU.Build.0 = Debug|Any CPU
		{67E41C23-CA44-45F3-8198-DB64C2F0FD47}.Release|Any CPU.ActiveCfg = Release|Any CPU
		{67E41C23-CA44-45F3-8198-DB64C2F0FD47}.Release|Any CPU.Build.0 = Release|Any CPU
		{5618F748-81E0-423F-BF54-2CB354C50560}.Debug|Any CPU.ActiveCfg = Debug|Any CPU
		{5618F748-81E0-423F-BF54-2CB354C50560}.Debug|Any CPU.Build.0 = Debug|Any CPU
		{5618F748-81E0-423F-BF54-2CB354C50560}.Release|Any CPU.ActiveCfg = Release|Any CPU
		{5618F748-81E0-423F-BF54-2CB354C50560}.Release|Any CPU.Build.0 = Release|Any CPU
		{81C2D119-2242-4DBA-B4EC-AEE38B60DA83}.Debug|Any CPU.ActiveCfg = Debug|Any CPU
		{81C2D119-2242-4DBA-B4EC-AEE38B60DA83}.Debug|Any CPU.Build.0 = Debug|Any CPU
		{81C2D119-2242-4DBA-B4EC-AEE38B60DA83}.Release|Any CPU.ActiveCfg = Release|Any CPU
		{81C2D119-2242-4DBA-B4EC-AEE38B60DA83}.Release|Any CPU.Build.0 = Release|Any CPU
		{D3C03B7E-3039-4FCE-9279-9F225680A709}.Debug|Any CPU.ActiveCfg = Debug|Any CPU
		{D3C03B7E-3039-4FCE-9279-9F225680A709}.Debug|Any CPU.Build.0 = Debug|Any CPU
		{D3C03B7E-3039-4FCE-9279-9F225680A709}.Release|Any CPU.ActiveCfg = Release|Any CPU
		{D3C03B7E-3039-4FCE-9279-9F225680A709}.Release|Any CPU.Build.0 = Release|Any CPU
		{5AC7F80F-380D-4179-84F3-DACD4FBA21E0}.Debug|Any CPU.ActiveCfg = Debug|Any CPU
		{5AC7F80F-380D-4179-84F3-DACD4FBA21E0}.Debug|Any CPU.Build.0 = Debug|Any CPU
		{5AC7F80F-380D-4179-84F3-DACD4FBA21E0}.Release|Any CPU.ActiveCfg = Release|Any CPU
		{5AC7F80F-380D-4179-84F3-DACD4FBA21E0}.Release|Any CPU.Build.0 = Release|Any CPU
		{CF0ED5C8-3FDF-480A-B650-197D5F3A1D10}.Debug|Any CPU.ActiveCfg = Debug|Any CPU
		{CF0ED5C8-3FDF-480A-B650-197D5F3A1D10}.Debug|Any CPU.Build.0 = Debug|Any CPU
		{CF0ED5C8-3FDF-480A-B650-197D5F3A1D10}.Release|Any CPU.ActiveCfg = Release|Any CPU
		{CF0ED5C8-3FDF-480A-B650-197D5F3A1D10}.Release|Any CPU.Build.0 = Release|Any CPU
		{445DA672-75C3-4B5E-A535-3F1A7497A6A8}.Debug|Any CPU.ActiveCfg = Debug|Any CPU
		{445DA672-75C3-4B5E-A535-3F1A7497A6A8}.Debug|Any CPU.Build.0 = Debug|Any CPU
		{445DA672-75C3-4B5E-A535-3F1A7497A6A8}.Release|Any CPU.ActiveCfg = Release|Any CPU
		{445DA672-75C3-4B5E-A535-3F1A7497A6A8}.Release|Any CPU.Build.0 = Release|Any CPU
		{A3639867-BE9F-4768-A038-8B45D00D80AB}.Debug|Any CPU.ActiveCfg = Debug|Any CPU
		{A3639867-BE9F-4768-A038-8B45D00D80AB}.Debug|Any CPU.Build.0 = Debug|Any CPU
		{A3639867-BE9F-4768-A038-8B45D00D80AB}.Release|Any CPU.ActiveCfg = Release|Any CPU
		{A3639867-BE9F-4768-A038-8B45D00D80AB}.Release|Any CPU.Build.0 = Release|Any CPU
		{B0DA03B1-8C99-4ADB-8203-87E9D7831F9A}.Debug|Any CPU.ActiveCfg = Debug|Any CPU
		{B0DA03B1-8C99-4ADB-8203-87E9D7831F9A}.Debug|Any CPU.Build.0 = Debug|Any CPU
		{B0DA03B1-8C99-4ADB-8203-87E9D7831F9A}.Release|Any CPU.ActiveCfg = Release|Any CPU
		{B0DA03B1-8C99-4ADB-8203-87E9D7831F9A}.Release|Any CPU.Build.0 = Release|Any CPU
		{AC3CE6A0-A295-4102-AB42-012FEA0EA4D9}.Debug|Any CPU.ActiveCfg = Debug|Any CPU
		{AC3CE6A0-A295-4102-AB42-012FEA0EA4D9}.Debug|Any CPU.Build.0 = Debug|Any CPU
		{AC3CE6A0-A295-4102-AB42-012FEA0EA4D9}.Release|Any CPU.ActiveCfg = Release|Any CPU
		{AC3CE6A0-A295-4102-AB42-012FEA0EA4D9}.Release|Any CPU.Build.0 = Release|Any CPU
		{460F8E68-F089-4516-B160-38FFF92D8255}.Debug|Any CPU.ActiveCfg = Debug|Any CPU
		{460F8E68-F089-4516-B160-38FFF92D8255}.Debug|Any CPU.Build.0 = Debug|Any CPU
		{460F8E68-F089-4516-B160-38FFF92D8255}.Release|Any CPU.ActiveCfg = Release|Any CPU
		{460F8E68-F089-4516-B160-38FFF92D8255}.Release|Any CPU.Build.0 = Release|Any CPU
		{35E65CBC-011C-42EE-AA6A-7B7CEDB4729F}.Debug|Any CPU.ActiveCfg = Debug|Any CPU
		{35E65CBC-011C-42EE-AA6A-7B7CEDB4729F}.Debug|Any CPU.Build.0 = Debug|Any CPU
		{35E65CBC-011C-42EE-AA6A-7B7CEDB4729F}.Release|Any CPU.ActiveCfg = Release|Any CPU
		{35E65CBC-011C-42EE-AA6A-7B7CEDB4729F}.Release|Any CPU.Build.0 = Release|Any CPU
	EndGlobalSection
	GlobalSection(SolutionProperties) = preSolution
		HideSolutionNode = FALSE
	EndGlobalSection
	GlobalSection(NestedProjects) = preSolution
		{551F9BE9-5E89-4105-AAEA-C2D134ED5DA6} = {2DFA58DE-ECC4-483D-AE58-F9C0E0F6B5BF}
		{1B5779A0-6698-46DC-B1AB-2B2907DE8BDC} = {88D74C45-9B76-49F3-8033-80498545C0B0}
		{7DDF1667-6B61-4450-A176-77AC0FED2B27} = {04A12534-B15B-4DEE-9939-B77003BDF998}
		{87199B1D-BAF0-4E48-A159-ACA122E4E23C} = {04A12534-B15B-4DEE-9939-B77003BDF998}
		{27CF98F1-0376-4112-9A7C-4E1E1E25E368} = {04A12534-B15B-4DEE-9939-B77003BDF998}
		{67E41C23-CA44-45F3-8198-DB64C2F0FD47} = {6F754FDA-596C-4DA5-8D49-866CAF5A9B04}
		{5618F748-81E0-423F-BF54-2CB354C50560} = {6F754FDA-596C-4DA5-8D49-866CAF5A9B04}
		{81C2D119-2242-4DBA-B4EC-AEE38B60DA83} = {6F754FDA-596C-4DA5-8D49-866CAF5A9B04}
		{D3C03B7E-3039-4FCE-9279-9F225680A709} = {E06EF753-3DCF-4022-B6ED-EDF621B50860}
		{5AC7F80F-380D-4179-84F3-DACD4FBA21E0} = {E06EF753-3DCF-4022-B6ED-EDF621B50860}
		{CF0ED5C8-3FDF-480A-B650-197D5F3A1D10} = {E06EF753-3DCF-4022-B6ED-EDF621B50860}
		{445DA672-75C3-4B5E-A535-3F1A7497A6A8} = {F24AAD19-89E2-4C4B-B4A9-CA4B42A78245}
		{A3639867-BE9F-4768-A038-8B45D00D80AB} = {F24AAD19-89E2-4C4B-B4A9-CA4B42A78245}
		{B0DA03B1-8C99-4ADB-8203-87E9D7831F9A} = {F24AAD19-89E2-4C4B-B4A9-CA4B42A78245}
		{AC3CE6A0-A295-4102-AB42-012FEA0EA4D9} = {5F3EC4E2-8CB5-4D47-9B3A-B57081B73C7E}
		{460F8E68-F089-4516-B160-38FFF92D8255} = {5F3EC4E2-8CB5-4D47-9B3A-B57081B73C7E}
		{35E65CBC-011C-42EE-AA6A-7B7CEDB4729F} = {5F3EC4E2-8CB5-4D47-9B3A-B57081B73C7E}
	EndGlobalSection
	GlobalSection(ExtensibilityGlobals) = postSolution
		SolutionGuid = {5AF743E4-1C89-413D-ABD7-667AEDBFC88E}
	EndGlobalSection
EndGlobal
